
Microsoft Visual Studio Solution File, Format Version 12.00
# Visual Studio Version 16
VisualStudioVersion = 16.0.809.0
MinimumVisualStudioVersion = 10.0.40219.1
Project("{FAE04EC0-301F-11D3-BF4B-00C04F79EFBC}") = "scichartaxis.Android", "scichartaxis.Android\scichartaxis.Android.csproj", "{B0BD8076-0418-4781-ADB0-655A1E198924}"
EndProject
Project("{FAE04EC0-301F-11D3-BF4B-00C04F79EFBC}") = "scichartaxis.iOS", "scichartaxis.iOS\scichartaxis.iOS.csproj", "{5D785B61-15AF-4633-9965-A38BF6FC30EA}"
EndProject
Project("{FAE04EC0-301F-11D3-BF4B-00C04F79EFBC}") = "scichartaxis", "scichartaxis\scichartaxis.csproj", "{2A14ABDC-160E-4BC4-A870-4B6DB0B1A7D3}"
EndProject
Global
	GlobalSection(SolutionConfigurationPlatforms) = preSolution
		Debug|Any CPU = Debug|Any CPU
		Release|Any CPU = Release|Any CPU
		Debug|iPhoneSimulator = Debug|iPhoneSimulator
		Release|iPhoneSimulator = Release|iPhoneSimulator
		Debug|iPhone = Debug|iPhone
		Release|iPhone = Release|iPhone
	EndGlobalSection
	GlobalSection(ProjectConfigurationPlatforms) = postSolution
		{B0BD8076-0418-4781-ADB0-655A1E198924}.Debug|Any CPU.ActiveCfg = Debug|Any CPU
		{B0BD8076-0418-4781-ADB0-655A1E198924}.Debug|Any CPU.Build.0 = Debug|Any CPU
		{B0BD8076-0418-4781-ADB0-655A1E198924}.Release|Any CPU.ActiveCfg = Release|Any CPU
		{B0BD8076-0418-4781-ADB0-655A1E198924}.Release|Any CPU.Build.0 = Release|Any CPU
		{B0BD8076-0418-4781-ADB0-655A1E198924}.Debug|iPhoneSimulator.ActiveCfg = Debug|Any CPU
		{B0BD8076-0418-4781-ADB0-655A1E198924}.Debug|iPhoneSimulator.Build.0 = Debug|Any CPU
		{B0BD8076-0418-4781-ADB0-655A1E198924}.Release|iPhoneSimulator.ActiveCfg = Release|Any CPU
		{B0BD8076-0418-4781-ADB0-655A1E198924}.Release|iPhoneSimulator.Build.0 = Release|Any CPU
		{B0BD8076-0418-4781-ADB0-655A1E198924}.Debug|iPhone.ActiveCfg = Debug|Any CPU
		{B0BD8076-0418-4781-ADB0-655A1E198924}.Debug|iPhone.Build.0 = Debug|Any CPU
		{B0BD8076-0418-4781-ADB0-655A1E198924}.Release|iPhone.ActiveCfg = Release|Any CPU
		{B0BD8076-0418-4781-ADB0-655A1E198924}.Release|iPhone.Build.0 = Release|Any CPU
		{5D785B61-15AF-4633-9965-A38BF6FC30EA}.Debug|Any CPU.ActiveCfg = Debug|iPhoneSimulator
		{5D785B61-15AF-4633-9965-A38BF6FC30EA}.Debug|Any CPU.Build.0 = Debug|iPhoneSimulator
		{5D785B61-15AF-4633-9965-A38BF6FC30EA}.Release|Any CPU.ActiveCfg = Release|iPhoneSimulator
		{5D785B61-15AF-4633-9965-A38BF6FC30EA}.Release|Any CPU.Build.0 = Release|iPhoneSimulator
		{5D785B61-15AF-4633-9965-A38BF6FC30EA}.Debug|iPhoneSimulator.ActiveCfg = Debug|iPhoneSimulator
		{5D785B61-15AF-4633-9965-A38BF6FC30EA}.Debug|iPhoneSimulator.Build.0 = Debug|iPhoneSimulator
		{5D785B61-15AF-4633-9965-A38BF6FC30EA}.Release|iPhoneSimulator.ActiveCfg = Release|iPhoneSimulator
		{5D785B61-15AF-4633-9965-A38BF6FC30EA}.Release|iPhoneSimulator.Build.0 = Release|iPhoneSimulator
		{5D785B61-15AF-4633-9965-A38BF6FC30EA}.Debug|iPhone.ActiveCfg = Debug|iPhone
		{5D785B61-15AF-4633-9965-A38BF6FC30EA}.Debug|iPhone.Build.0 = Debug|iPhone
		{5D785B61-15AF-4633-9965-A38BF6FC30EA}.Release|iPhone.ActiveCfg = Release|iPhone
		{5D785B61-15AF-4633-9965-A38BF6FC30EA}.Release|iPhone.Build.0 = Release|iPhone
		{2A14ABDC-160E-4BC4-A870-4B6DB0B1A7D3}.Debug|Any CPU.ActiveCfg = Debug|Any CPU
		{2A14ABDC-160E-4BC4-A870-4B6DB0B1A7D3}.Debug|Any CPU.Build.0 = Debug|Any CPU
		{2A14ABDC-160E-4BC4-A870-4B6DB0B1A7D3}.Release|Any CPU.ActiveCfg = Release|Any CPU
		{2A14ABDC-160E-4BC4-A870-4B6DB0B1A7D3}.Release|Any CPU.Build.0 = Release|Any CPU
		{2A14ABDC-160E-4BC4-A870-4B6DB0B1A7D3}.Debug|iPhoneSimulator.ActiveCfg = Debug|Any CPU
		{2A14ABDC-160E-4BC4-A870-4B6DB0B1A7D3}.Debug|iPhoneSimulator.Build.0 = Debug|Any CPU
		{2A14ABDC-160E-4BC4-A870-4B6DB0B1A7D3}.Release|iPhoneSimulator.ActiveCfg = Release|Any CPU
		{2A14ABDC-160E-4BC4-A870-4B6DB0B1A7D3}.Release|iPhoneSimulator.Build.0 = Release|Any CPU
		{2A14ABDC-160E-4BC4-A870-4B6DB0B1A7D3}.Debug|iPhone.ActiveCfg = Debug|Any CPU
		{2A14ABDC-160E-4BC4-A870-4B6DB0B1A7D3}.Debug|iPhone.Build.0 = Debug|Any CPU
		{2A14ABDC-160E-4BC4-A870-4B6DB0B1A7D3}.Release|iPhone.ActiveCfg = Release|Any CPU
		{2A14ABDC-160E-4BC4-A870-4B6DB0B1A7D3}.Release|iPhone.Build.0 = Release|Any CPU
	EndGlobalSection
	GlobalSection(SolutionProperties) = preSolution
		HideSolutionNode = FALSE
	EndGlobalSection
	GlobalSection(ExtensibilityGlobals) = postSolution
		SolutionGuid = {2ED6DFAE-6F76-4B9C-8385-E4A0E85DAEA9}
	EndGlobalSection
EndGlobal
